# This file is automatically @generated by Cargo.
# It is not intended for manual editing.
[[package]]
name = "memchr"
version = "2.2.1"
source = "registry+https://github.com/rust-lang/crates.io-index"

[[package]]
name = "quick-xml"
version = "0.17.0"
source = "registry+https://github.com/rust-lang/crates.io-index"
dependencies = [
 "memchr 2.2.1 (registry+https://github.com/rust-lang/crates.io-index)",
]

[[package]]
name = "tamer"
version = "0.0.0"
dependencies = [
 "quick-xml 0.17.0 (registry+https://github.com/rust-lang/crates.io-index)",
]

[metadata]
"checksum memchr 2.2.1 (registry+https://github.com/rust-lang/crates.io-index)" = "88579771288728879b57485cc7d6b07d648c9f0141eb955f8ab7f9d45394468e"
"checksum quick-xml 0.17.0 (registry+https://github.com/rust-lang/crates.io-index)" = "aafcdba8c8d71275493d966ef052a88726ac8590c15a09968b32158205c672ef"
